
Microsoft Visual Studio Solution File, Format Version 12.00
# Visual Studio 15
VisualStudioVersion = 15.0.28307.271
MinimumVisualStudioVersion = 10.0.40219.1
Project("{9A19103F-16F7-4668-BE54-9A1E7A4F7556}") = "ERPMVC", "ERPMVC\ERPMVC.csproj", "{130C948B-D8D4-446D-B0C3-78E5C726F60D}"
EndProject
Project("{9A19103F-16F7-4668-BE54-9A1E7A4F7556}") = "SfReporting", "SfReporting\SfReporting.csproj", "{ECEB0D54-1E10-48F9-9C71-CB06079A1519}"
EndProject
Project("{9A19103F-16F7-4668-BE54-9A1E7A4F7556}") = "MailTemplate", "MailTemplate\MailTemplate.csproj", "{68D907F8-C5A2-4570-98F7-79C608BAE2B3}"
EndProject
Global
	GlobalSection(SolutionConfigurationPlatforms) = preSolution
		Debug|Any CPU = Debug|Any CPU
		Debug|x86 = Debug|x86
		Release|Any CPU = Release|Any CPU
		Release|x86 = Release|x86
	EndGlobalSection
	GlobalSection(ProjectConfigurationPlatforms) = postSolution
		{130C948B-D8D4-446D-B0C3-78E5C726F60D}.Debug|Any CPU.ActiveCfg = Debug|Any CPU
		{130C948B-D8D4-446D-B0C3-78E5C726F60D}.Debug|Any CPU.Build.0 = Debug|Any CPU
		{130C948B-D8D4-446D-B0C3-78E5C726F60D}.Debug|x86.ActiveCfg = Debug|Any CPU
		{130C948B-D8D4-446D-B0C3-78E5C726F60D}.Debug|x86.Build.0 = Debug|Any CPU
		{130C948B-D8D4-446D-B0C3-78E5C726F60D}.Release|Any CPU.ActiveCfg = Release|Any CPU
		{130C948B-D8D4-446D-B0C3-78E5C726F60D}.Release|Any CPU.Build.0 = Release|Any CPU
		{130C948B-D8D4-446D-B0C3-78E5C726F60D}.Release|x86.ActiveCfg = Release|Any CPU
		{130C948B-D8D4-446D-B0C3-78E5C726F60D}.Release|x86.Build.0 = Release|Any CPU
		{ECEB0D54-1E10-48F9-9C71-CB06079A1519}.Debug|Any CPU.ActiveCfg = Debug|Any CPU
		{ECEB0D54-1E10-48F9-9C71-CB06079A1519}.Debug|Any CPU.Build.0 = Debug|Any CPU
		{ECEB0D54-1E10-48F9-9C71-CB06079A1519}.Debug|x86.ActiveCfg = Debug|Any CPU
		{ECEB0D54-1E10-48F9-9C71-CB06079A1519}.Debug|x86.Build.0 = Debug|Any CPU
		{ECEB0D54-1E10-48F9-9C71-CB06079A1519}.Release|Any CPU.ActiveCfg = Release|Any CPU
		{ECEB0D54-1E10-48F9-9C71-CB06079A1519}.Release|Any CPU.Build.0 = Release|Any CPU
		{ECEB0D54-1E10-48F9-9C71-CB06079A1519}.Release|x86.ActiveCfg = Release|Any CPU
		{ECEB0D54-1E10-48F9-9C71-CB06079A1519}.Release|x86.Build.0 = Release|Any CPU
		{68D907F8-C5A2-4570-98F7-79C608BAE2B3}.Debug|Any CPU.ActiveCfg = Debug|Any CPU
		{68D907F8-C5A2-4570-98F7-79C608BAE2B3}.Debug|Any CPU.Build.0 = Debug|Any CPU
		{68D907F8-C5A2-4570-98F7-79C608BAE2B3}.Debug|x86.ActiveCfg = Debug|Any CPU
		{68D907F8-C5A2-4570-98F7-79C608BAE2B3}.Debug|x86.Build.0 = Debug|Any CPU
		{68D907F8-C5A2-4570-98F7-79C608BAE2B3}.Release|Any CPU.ActiveCfg = Release|Any CPU
		{68D907F8-C5A2-4570-98F7-79C608BAE2B3}.Release|Any CPU.Build.0 = Release|Any CPU
		{68D907F8-C5A2-4570-98F7-79C608BAE2B3}.Release|x86.ActiveCfg = Release|Any CPU
		{68D907F8-C5A2-4570-98F7-79C608BAE2B3}.Release|x86.Build.0 = Release|Any CPU
	EndGlobalSection
	GlobalSection(SolutionProperties) = preSolution
		HideSolutionNode = FALSE
	EndGlobalSection
	GlobalSection(ExtensibilityGlobals) = postSolution
		SolutionGuid = {B8971D40-7F2F-498B-918C-C86A6D7483AD}
	EndGlobalSection
EndGlobal
